{
  "requires": true,
  "lockfileVersion": 1,
  "dependencies": {
    "@types/node": {
      "version": "13.1.6",
      "resolved": "https://registry.npmjs.org/@types/node/-/node-13.1.6.tgz",
      "integrity": "sha512-Jg1F+bmxcpENHP23sVKkNuU3uaxPnsBMW0cLjleiikFKomJQbsn0Cqk2yDvQArqzZN6ABfBkZ0To7pQ8sLdWDg=="
    },
    "qs": {
      "version": "6.9.1",
      "resolved": "https://registry.npmjs.org/qs/-/qs-6.9.1.tgz",
      "integrity": "sha512-Cxm7/SS/y/Z3MHWSxXb8lIFqgqBowP5JMlTUFyJN88y0SGQhVmZnqFK/PeuMX9LzUyWsqqhNxIyg0jlzq946yA=="
    },
    "stripe": {
      "version": "8.0.1",
      "resolved": "https://registry.npmjs.org/stripe/-/stripe-8.0.1.tgz",
      "integrity": "sha512-0D9r1YGkrNFmX6RRk34P0uslrOw4cuav1yuJVcxlIwwhh8R06XIqTTPU6/PeGvJ89SUTU/+jny8gFZU0MZ0rpg==",
      "requires": {
        "@types/node": "^13.1.0",
        "qs": "^6.6.0"
      }
    }
  }
}
